dependencies:
- name: postgresql
  repository: https://charts.bitnami.com/bitnami
  version: 15.5.28
- name: postgresql-ha
  repository: https://charts.bitnami.com/bitnami
  version: 9.4.11
- name: redis
  repository: https://charts.bitnami.com/bitnami
  version: 20.1.0
digest: sha256:4c88bb6f8eb82c02be6de61d4aea29212b1a11811653a575f5ea4aa9eeb1e0c9
generated: "2024-09-09T11:04:32.53974569Z"
